
Microsoft Visual Studio Solution File, Format Version 12.00
# Visual Studio 14
VisualStudioVersion = 14.0.23107.0
MinimumVisualStudioVersion = 10.0.40219.1
Project("{FAE04EC0-301F-11D3-BF4B-00C04F79EFBC}") = "Mise.Web", "Mise.Web\Mise.Web.csproj", "{06A0EDD6-9314-4218-AE68-9E7072248FB6}"
EndProject
Project("{FAE04EC0-301F-11D3-BF4B-00C04F79EFBC}") = "Mise.Model", "Mise.Model\Mise.Model.csproj", "{72463718-0131-40B5-B722-18A03B948903}"
EndProject
Project("{FAE04EC0-301F-11D3-BF4B-00C04F79EFBC}") = "ClassLibrary1", "ClassLibrary1\ClassLibrary1.csproj", "{C961D8D9-4D3A-48EE-A898-06EA1A9AD82F}"
EndProject
Global
	GlobalSection(SolutionConfigurationPlatforms) = preSolution
		Debug|Any CPU = Debug|Any CPU
		Release|Any CPU = Release|Any CPU
	EndGlobalSection
	GlobalSection(ProjectConfigurationPlatforms) = postSolution
		{06A0EDD6-9314-4218-AE68-9E7072248FB6}.Debug|Any CPU.ActiveCfg = Debug|Any CPU
		{06A0EDD6-9314-4218-AE68-9E7072248FB6}.Debug|Any CPU.Build.0 = Debug|Any CPU
		{06A0EDD6-9314-4218-AE68-9E7072248FB6}.Release|Any CPU.ActiveCfg = Release|Any CPU
		{06A0EDD6-9314-4218-AE68-9E7072248FB6}.Release|Any CPU.Build.0 = Release|Any CPU
		{72463718-0131-40B5-B722-18A03B948903}.Debug|Any CPU.ActiveCfg = Debug|Any CPU
		{72463718-0131-40B5-B722-18A03B948903}.Debug|Any CPU.Build.0 = Debug|Any CPU
		{72463718-0131-40B5-B722-18A03B948903}.Release|Any CPU.ActiveCfg = Release|Any CPU
		{72463718-0131-40B5-B722-18A03B948903}.Release|Any CPU.Build.0 = Release|Any CPU
		{C961D8D9-4D3A-48EE-A898-06EA1A9AD82F}.Debug|Any CPU.ActiveCfg = Debug|Any CPU
		{C961D8D9-4D3A-48EE-A898-06EA1A9AD82F}.Debug|Any CPU.Build.0 = Debug|Any CPU
		{C961D8D9-4D3A-48EE-A898-06EA1A9AD82F}.Release|Any CPU.ActiveCfg = Release|Any CPU
		{C961D8D9-4D3A-48EE-A898-06EA1A9AD82F}.Release|Any CPU.Build.0 = Release|Any CPU
	EndGlobalSection
	GlobalSection(SolutionProperties) = preSolution
		HideSolutionNode = FALSE
	EndGlobalSection
EndGlobal
